
Microsoft Visual Studio Solution File, Format Version 12.00
# Visual Studio Version 17
VisualStudioVersion = 17.2.32616.157
MinimumVisualStudioVersion = 10.0.40219.1
Project("{FAE04EC0-301F-11D3-BF4B-00C04F79EFBC}") = "Milestone 4", "Milestone 4.csproj", "{A3702991-A290-4589-B9F8-4280B35702B2}"
EndProject
Global
	GlobalSection(SolutionConfigurationPlatforms) = preSolution
		Debug|Any CPU = Debug|Any CPU
		Release|Any CPU = Release|Any CPU
	EndGlobalSection
	GlobalSection(ProjectConfigurationPlatforms) = postSolution
		{A3702991-A290-4589-B9F8-4280B35702B2}.Debug|Any CPU.ActiveCfg = Debug|Any CPU
		{A3702991-A290-4589-B9F8-4280B35702B2}.Debug|Any CPU.Build.0 = Debug|Any CPU
		{A3702991-A290-4589-B9F8-4280B35702B2}.Release|Any CPU.ActiveCfg = Release|Any CPU
		{A3702991-A290-4589-B9F8-4280B35702B2}.Release|Any CPU.Build.0 = Release|Any CPU
	EndGlobalSection
	GlobalSection(SolutionProperties) = preSolution
		HideSolutionNode = FALSE
	EndGlobalSection
	GlobalSection(ExtensibilityGlobals) = postSolution
		SolutionGuid = {2EBEE59A-6F09-40FD-A3BD-072C2840DAFE}
	EndGlobalSection
EndGlobal
